
Microsoft Visual Studio Solution File, Format Version 12.00
# Visual Studio 15
VisualStudioVersion = 15.0.28010.2036
MinimumVisualStudioVersion = 10.0.40219.1
Project("{FAE04EC0-301F-11D3-BF4B-00C04F79EFBC}") = "EssentialUIKit.Android", "EssentialUIKit.Android\EssentialUIKit.Android.csproj", "{10230E92-58B3-463B-BC5A-7B9C82FA748A}"
EndProject
Project("{FAE04EC0-301F-11D3-BF4B-00C04F79EFBC}") = "EssentialUIKit.iOS", "EssentialUIKit.iOS\EssentialUIKit.iOS.csproj", "{6D65E1F7-291C-4D62-9A29-F77560E789B3}"
EndProject
Project("{FAE04EC0-301F-11D3-BF4B-00C04F79EFBC}") = "EssentialUIKit.UWP", "EssentialUIKit.UWP\EssentialUIKit.UWP.csproj", "{D75ABEA6-5F20-4F78-9015-7F254CD7968F}"
EndProject
Project("{9A19103F-16F7-4668-BE54-9A1E7A4F7556}") = "EssentialUIKit", "EssentialUIKit\EssentialUIKit.csproj", "{D68E3E1C-745B-403B-8F7A-DDA13C502E8A}"
EndProject
Global
	GlobalSection(SolutionConfigurationPlatforms) = preSolution
		Ad-Hoc|Any CPU = Ad-Hoc|Any CPU
		Ad-Hoc|ARM = Ad-Hoc|ARM
		Ad-Hoc|iPhone = Ad-Hoc|iPhone
		Ad-Hoc|iPhoneSimulator = Ad-Hoc|iPhoneSimulator
		Ad-Hoc|x64 = Ad-Hoc|x64
		Ad-Hoc|x86 = Ad-Hoc|x86
		AppStore|Any CPU = AppStore|Any CPU
		AppStore|ARM = AppStore|ARM
		AppStore|iPhone = AppStore|iPhone
		AppStore|iPhoneSimulator = AppStore|iPhoneSimulator
		AppStore|x64 = AppStore|x64
		AppStore|x86 = AppStore|x86
		Debug|Any CPU = Debug|Any CPU
		Debug|ARM = Debug|ARM
		Debug|iPhone = Debug|iPhone
		Debug|iPhoneSimulator = Debug|iPhoneSimulator
		Debug|x64 = Debug|x64
		Debug|x86 = Debug|x86
		Release|Any CPU = Release|Any CPU
		Release|ARM = Release|ARM
		Release|iPhone = Release|iPhone
		Release|iPhoneSimulator = Release|iPhoneSimulator
		Release|x64 = Release|x64
		Release|x86 = Release|x86
		Release-xml|Any CPU = Release-xml|Any CPU
		Release-xml|ARM = Release-xml|ARM
		Release-xml|iPhone = Release-xml|iPhone
		Release-xml|iPhoneSimulator = Release-xml|iPhoneSimulator
		Release-xml|x64 = Release-xml|x64
		Release-xml|x86 = Release-xml|x86
	EndGlobalSection
	GlobalSection(ProjectConfigurationPlatforms) = postSolution
		{10230E92-58B3-463B-BC5A-7B9C82FA748A}.Ad-Hoc|Any CPU.ActiveCfg = Release|Any CPU
		{10230E92-58B3-463B-BC5A-7B9C82FA748A}.Ad-Hoc|Any CPU.Build.0 = Release|Any CPU
		{10230E92-58B3-463B-BC5A-7B9C82FA748A}.Ad-Hoc|Any CPU.Deploy.0 = Release|Any CPU
		{10230E92-58B3-463B-BC5A-7B9C82FA748A}.Ad-Hoc|ARM.ActiveCfg = Release|Any CPU
		{10230E92-58B3-463B-BC5A-7B9C82FA748A}.Ad-Hoc|ARM.Build.0 = Release|Any CPU
		{10230E92-58B3-463B-BC5A-7B9C82FA748A}.Ad-Hoc|ARM.Deploy.0 = Release|Any CPU
		{10230E92-58B3-463B-BC5A-7B9C82FA748A}.Ad-Hoc|iPhone.ActiveCfg = Release|Any CPU
		{10230E92-58B3-463B-BC5A-7B9C82FA748A}.Ad-Hoc|iPhone.Build.0 = Release|Any CPU
		{10230E92-58B3-463B-BC5A-7B9C82FA748A}.Ad-Hoc|iPhone.Deploy.0 = Release|Any CPU
		{10230E92-58B3-463B-BC5A-7B9C82FA748A}.Ad-Hoc|iPhoneSimulator.ActiveCfg = Release|Any CPU
		{10230E92-58B3-463B-BC5A-7B9C82FA748A}.Ad-Hoc|iPhoneSimulator.Build.0 = Release|Any CPU
		{10230E92-58B3-463B-BC5A-7B9C82FA748A}.Ad-Hoc|iPhoneSimulator.Deploy.0 = Release|Any CPU
		{10230E92-58B3-463B-BC5A-7B9C82FA748A}.Ad-Hoc|x64.ActiveCfg = Release|Any CPU
		{10230E92-58B3-463B-BC5A-7B9C82FA748A}.Ad-Hoc|x64.Build.0 = Release|Any CPU
		{10230E92-58B3-463B-BC5A-7B9C82FA748A}.Ad-Hoc|x64.Deploy.0 = Release|Any CPU
		{10230E92-58B3-463B-BC5A-7B9C82FA748A}.Ad-Hoc|x86.ActiveCfg = Release|Any CPU
		{10230E92-58B3-463B-BC5A-7B9C82FA748A}.Ad-Hoc|x86.Build.0 = Release|Any CPU
		{10230E92-58B3-463B-BC5A-7B9C82FA748A}.Ad-Hoc|x86.Deploy.0 = Release|Any CPU
		{10230E92-58B3-463B-BC5A-7B9C82FA748A}.AppStore|Any CPU.ActiveCfg = Release|Any CPU
		{10230E92-58B3-463B-BC5A-7B9C82FA748A}.AppStore|Any CPU.Build.0 = Release|Any CPU
		{10230E92-58B3-463B-BC5A-7B9C82FA748A}.AppStore|Any CPU.Deploy.0 = Release|Any CPU
		{10230E92-58B3-463B-BC5A-7B9C82FA748A}.AppStore|ARM.ActiveCfg = Release|Any CPU
		{10230E92-58B3-463B-BC5A-7B9C82FA748A}.AppStore|ARM.Build.0 = Release|Any CPU
		{10230E92-58B3-463B-BC5A-7B9C82FA748A}.AppStore|ARM.Deploy.0 = Release|Any CPU
		{10230E92-58B3-463B-BC5A-7B9C82FA748A}.AppStore|iPhone.ActiveCfg = Release|Any CPU
		{10230E92-58B3-463B-BC5A-7B9C82FA748A}.AppStore|iPhone.Build.0 = Release|Any CPU
		{10230E92-58B3-463B-BC5A-7B9C82FA748A}.AppStore|iPhone.Deploy.0 = Release|Any CPU
		{10230E92-58B3-463B-BC5A-7B9C82FA748A}.AppStore|iPhoneSimulator.ActiveCfg = Release|Any CPU
		{10230E92-58B3-463B-BC5A-7B9C82FA748A}.AppStore|iPhoneSimulator.Build.0 = Release|Any CPU
		{10230E92-58B3-463B-BC5A-7B9C82FA748A}.AppStore|iPhoneSimulator.Deploy.0 = Release|Any CPU
		{10230E92-58B3-463B-BC5A-7B9C82FA748A}.AppStore|x64.ActiveCfg = Release|Any CPU
		{10230E92-58B3-463B-BC5A-7B9C82FA748A}.AppStore|x64.Build.0 = Release|Any CPU
		{10230E92-58B3-463B-BC5A-7B9C82FA748A}.AppStore|x64.Deploy.0 = Release|Any CPU
		{10230E92-58B3-463B-BC5A-7B9C82FA748A}.AppStore|x86.ActiveCfg = Release|Any CPU
		{10230E92-58B3-463B-BC5A-7B9C82FA748A}.AppStore|x86.Build.0 = Release|Any CPU
		{10230E92-58B3-463B-BC5A-7B9C82FA748A}.AppStore|x86.Deploy.0 = Release|Any CPU
		{10230E92-58B3-463B-BC5A-7B9C82FA748A}.Debug|Any CPU.ActiveCfg = Debug|Any CPU
		{10230E92-58B3-463B-BC5A-7B9C82FA748A}.Debug|Any CPU.Build.0 = Debug|Any CPU
		{10230E92-58B3-463B-BC5A-7B9C82FA748A}.Debug|Any CPU.Deploy.0 = Debug|Any CPU
		{10230E92-58B3-463B-BC5A-7B9C82FA748A}.Debug|ARM.ActiveCfg = Debug|Any CPU
		{10230E92-58B3-463B-BC5A-7B9C82FA748A}.Debug|ARM.Build.0 = Debug|Any CPU
		{10230E92-58B3-463B-BC5A-7B9C82FA748A}.Debug|ARM.Deploy.0 = Debug|Any CPU
		{10230E92-58B3-463B-BC5A-7B9C82FA748A}.Debug|iPhone.ActiveCfg = Debug|Any CPU
		{10230E92-58B3-463B-BC5A-7B9C82FA748A}.Debug|iPhone.Build.0 = Debug|Any CPU
		{10230E92-58B3-463B-BC5A-7B9C82FA748A}.Debug|iPhone.Deploy.0 = Debug|Any CPU
		{10230E92-58B3-463B-BC5A-7B9C82FA748A}.Debug|iPhoneSimulator.ActiveCfg = Debug|Any CPU
		{10230E92-58B3-463B-BC5A-7B9C82FA748A}.Debug|iPhoneSimulator.Build.0 = Debug|Any CPU
		{10230E92-58B3-463B-BC5A-7B9C82FA748A}.Debug|iPhoneSimulator.Deploy.0 = Debug|Any CPU
		{10230E92-58B3-463B-BC5A-7B9C82FA748A}.Debug|x64.ActiveCfg = Debug|Any CPU
		{10230E92-58B3-463B-BC5A-7B9C82FA748A}.Debug|x64.Build.0 = Debug|Any CPU
		{10230E92-58B3-463B-BC5A-7B9C82FA748A}.Debug|x64.Deploy.0 = Debug|Any CPU
		{10230E92-58B3-463B-BC5A-7B9C82FA748A}.Debug|x86.ActiveCfg = Debug|Any CPU
		{10230E92-58B3-463B-BC5A-7B9C82FA748A}.Debug|x86.Build.0 = Debug|Any CPU
		{10230E92-58B3-463B-BC5A-7B9C82FA748A}.Debug|x86.Deploy.0 = Debug|Any CPU
		{10230E92-58B3-463B-BC5A-7B9C82FA748A}.Release|Any CPU.ActiveCfg = Release|Any CPU
		{10230E92-58B3-463B-BC5A-7B9C82FA748A}.Release|Any CPU.Build.0 = Release|Any CPU
		{10230E92-58B3-463B-BC5A-7B9C82FA748A}.Release|Any CPU.Deploy.0 = Release|Any CPU
		{10230E92-58B3-463B-BC5A-7B9C82FA748A}.Release|ARM.ActiveCfg = Release|Any CPU
		{10230E92-58B3-463B-BC5A-7B9C82FA748A}.Release|ARM.Build.0 = Release|Any CPU
		{10230E92-58B3-463B-BC5A-7B9C82FA748A}.Release|ARM.Deploy.0 = Release|Any CPU
		{10230E92-58B3-463B-BC5A-7B9C82FA748A}.Release|iPhone.ActiveCfg = Release|Any CPU
		{10230E92-58B3-463B-BC5A-7B9C82FA748A}.Release|iPhone.Build.0 = Release|Any CPU
		{10230E92-58B3-463B-BC5A-7B9C82FA748A}.Release|iPhone.Deploy.0 = Release|Any CPU
		{10230E92-58B3-463B-BC5A-7B9C82FA748A}.Release|iPhoneSimulator.ActiveCfg = Release|Any CPU
		{10230E92-58B3-463B-BC5A-7B9C82FA748A}.Release|iPhoneSimulator.Build.0 = Release|Any CPU
		{10230E92-58B3-463B-BC5A-7B9C82FA748A}.Release|iPhoneSimulator.Deploy.0 = Release|Any CPU
		{10230E92-58B3-463B-BC5A-7B9C82FA748A}.Release|x64.ActiveCfg = Release|Any CPU
		{10230E92-58B3-463B-BC5A-7B9C82FA748A}.Release|x64.Build.0 = Release|Any CPU
		{10230E92-58B3-463B-BC5A-7B9C82FA748A}.Release|x64.Deploy.0 = Release|Any CPU
		{10230E92-58B3-463B-BC5A-7B9C82FA748A}.Release|x86.ActiveCfg = Release|Any CPU
		{10230E92-58B3-463B-BC5A-7B9C82FA748A}.Release|x86.Build.0 = Release|Any CPU
		{10230E92-58B3-463B-BC5A-7B9C82FA748A}.Release|x86.Deploy.0 = Release|Any CPU
		{10230E92-58B3-463B-BC5A-7B9C82FA748A}.Release-xml|Any CPU.ActiveCfg = Release|Any CPU
		{10230E92-58B3-463B-BC5A-7B9C82FA748A}.Release-xml|Any CPU.Build.0 = Release|Any CPU
		{10230E92-58B3-463B-BC5A-7B9C82FA748A}.Release-xml|Any CPU.Deploy.0 = Release|Any CPU
		{10230E92-58B3-463B-BC5A-7B9C82FA748A}.Release-xml|ARM.ActiveCfg = Release|Any CPU
		{10230E92-58B3-463B-BC5A-7B9C82FA748A}.Release-xml|ARM.Build.0 = Release|Any CPU
		{10230E92-58B3-463B-BC5A-7B9C82FA748A}.Release-xml|ARM.Deploy.0 = Release|Any CPU
		{10230E92-58B3-463B-BC5A-7B9C82FA748A}.Release-xml|iPhone.ActiveCfg = Release|Any CPU
		{10230E92-58B3-463B-BC5A-7B9C82FA748A}.Release-xml|iPhone.Build.0 = Release|Any CPU
		{10230E92-58B3-463B-BC5A-7B9C82FA748A}.Release-xml|iPhone.Deploy.0 = Release|Any CPU
		{10230E92-58B3-463B-BC5A-7B9C82FA748A}.Release-xml|iPhoneSimulator.ActiveCfg = Release|Any CPU
		{10230E92-58B3-463B-BC5A-7B9C82FA748A}.Release-xml|iPhoneSimulator.Build.0 = Release|Any CPU
		{10230E92-58B3-463B-BC5A-7B9C82FA748A}.Release-xml|iPhoneSimulator.Deploy.0 = Release|Any CPU
		{10230E92-58B3-463B-BC5A-7B9C82FA748A}.Release-xml|x64.ActiveCfg = Release|Any CPU
		{10230E92-58B3-463B-BC5A-7B9C82FA748A}.Release-xml|x64.Build.0 = Release|Any CPU
		{10230E92-58B3-463B-BC5A-7B9C82FA748A}.Release-xml|x64.Deploy.0 = Release|Any CPU
		{10230E92-58B3-463B-BC5A-7B9C82FA748A}.Release-xml|x86.ActiveCfg = Release|Any CPU
		{10230E92-58B3-463B-BC5A-7B9C82FA748A}.Release-xml|x86.Build.0 = Release|Any CPU
		{10230E92-58B3-463B-BC5A-7B9C82FA748A}.Release-xml|x86.Deploy.0 = Release|Any CPU
		{6D65E1F7-291C-4D62-9A29-F77560E789B3}.Ad-Hoc|Any CPU.ActiveCfg = Ad-Hoc|iPhone
		{6D65E1F7-291C-4D62-9A29-F77560E789B3}.Ad-Hoc|Any CPU.Build.0 = Ad-Hoc|iPhone
		{6D65E1F7-291C-4D62-9A29-F77560E789B3}.Ad-Hoc|Any CPU.Deploy.0 = Ad-Hoc|iPhone
		{6D65E1F7-291C-4D62-9A29-F77560E789B3}.Ad-Hoc|ARM.ActiveCfg = Ad-Hoc|iPhone
		{6D65E1F7-291C-4D62-9A29-F77560E789B3}.Ad-Hoc|ARM.Build.0 = Ad-Hoc|iPhone
		{6D65E1F7-291C-4D62-9A29-F77560E789B3}.Ad-Hoc|ARM.Deploy.0 = Ad-Hoc|iPhone
		{6D65E1F7-291C-4D62-9A29-F77560E789B3}.Ad-Hoc|iPhone.ActiveCfg = Ad-Hoc|iPhone
		{6D65E1F7-291C-4D62-9A29-F77560E789B3}.Ad-Hoc|iPhone.Build.0 = Ad-Hoc|iPhone
		{6D65E1F7-291C-4D62-9A29-F77560E789B3}.Ad-Hoc|iPhone.Deploy.0 = Ad-Hoc|iPhone
		{6D65E1F7-291C-4D62-9A29-F77560E789B3}.Ad-Hoc|iPhoneSimulator.ActiveCfg = Ad-Hoc|iPhoneSimulator
		{6D65E1F7-291C-4D62-9A29-F77560E789B3}.Ad-Hoc|iPhoneSimulator.Build.0 = Ad-Hoc|iPhoneSimulator
		{6D65E1F7-291C-4D62-9A29-F77560E789B3}.Ad-Hoc|iPhoneSimulator.Deploy.0 = Ad-Hoc|iPhoneSimulator
		{6D65E1F7-291C-4D62-9A29-F77560E789B3}.Ad-Hoc|x64.ActiveCfg = Ad-Hoc|iPhone
		{6D65E1F7-291C-4D62-9A29-F77560E789B3}.Ad-Hoc|x64.Build.0 = Ad-Hoc|iPhone
		{6D65E1F7-291C-4D62-9A29-F77560E789B3}.Ad-Hoc|x64.Deploy.0 = Ad-Hoc|iPhone
		{6D65E1F7-291C-4D62-9A29-F77560E789B3}.Ad-Hoc|x86.ActiveCfg = Ad-Hoc|iPhone
		{6D65E1F7-291C-4D62-9A29-F77560E789B3}.Ad-Hoc|x86.Build.0 = Ad-Hoc|iPhone
		{6D65E1F7-291C-4D62-9A29-F77560E789B3}.Ad-Hoc|x86.Deploy.0 = Ad-Hoc|iPhone
		{6D65E1F7-291C-4D62-9A29-F77560E789B3}.AppStore|Any CPU.ActiveCfg = AppStore|iPhone
		{6D65E1F7-291C-4D62-9A29-F77560E789B3}.AppStore|Any CPU.Build.0 = AppStore|iPhone
		{6D65E1F7-291C-4D62-9A29-F77560E789B3}.AppStore|Any CPU.Deploy.0 = AppStore|iPhone
		{6D65E1F7-291C-4D62-9A29-F77560E789B3}.AppStore|ARM.ActiveCfg = AppStore|iPhone
		{6D65E1F7-291C-4D62-9A29-F77560E789B3}.AppStore|ARM.Build.0 = AppStore|iPhone
		{6D65E1F7-291C-4D62-9A29-F77560E789B3}.AppStore|ARM.Deploy.0 = AppStore|iPhone
		{6D65E1F7-291C-4D62-9A29-F77560E789B3}.AppStore|iPhone.ActiveCfg = AppStore|iPhone
		{6D65E1F7-291C-4D62-9A29-F77560E789B3}.AppStore|iPhone.Build.0 = AppStore|iPhone
		{6D65E1F7-291C-4D62-9A29-F77560E789B3}.AppStore|iPhone.Deploy.0 = AppStore|iPhone
		{6D65E1F7-291C-4D62-9A29-F77560E789B3}.AppStore|iPhoneSimulator.ActiveCfg = AppStore|iPhoneSimulator
		{6D65E1F7-291C-4D62-9A29-F77560E789B3}.AppStore|iPhoneSimulator.Build.0 = AppStore|iPhoneSimulator
		{6D65E1F7-291C-4D62-9A29-F77560E789B3}.AppStore|iPhoneSimulator.Deploy.0 = AppStore|iPhoneSimulator
		{6D65E1F7-291C-4D62-9A29-F77560E789B3}.AppStore|x64.ActiveCfg = AppStore|iPhone
		{6D65E1F7-291C-4D62-9A29-F77560E789B3}.AppStore|x64.Build.0 = AppStore|iPhone
		{6D65E1F7-291C-4D62-9A29-F77560E789B3}.AppStore|x64.Deploy.0 = AppStore|iPhone
		{6D65E1F7-291C-4D62-9A29-F77560E789B3}.AppStore|x86.ActiveCfg = AppStore|iPhone
		{6D65E1F7-291C-4D62-9A29-F77560E789B3}.AppStore|x86.Build.0 = AppStore|iPhone
		{6D65E1F7-291C-4D62-9A29-F77560E789B3}.AppStore|x86.Deploy.0 = AppStore|iPhone
		{6D65E1F7-291C-4D62-9A29-F77560E789B3}.Debug|Any CPU.ActiveCfg = Debug|iPhoneSimulator
		{6D65E1F7-291C-4D62-9A29-F77560E789B3}.Debug|Any CPU.Build.0 = Debug|iPhoneSimulator
		{6D65E1F7-291C-4D62-9A29-F77560E789B3}.Debug|Any CPU.Deploy.0 = Debug|iPhoneSimulator
		{6D65E1F7-291C-4D62-9A29-F77560E789B3}.Debug|ARM.ActiveCfg = Debug|iPhone
		{6D65E1F7-291C-4D62-9A29-F77560E789B3}.Debug|ARM.Build.0 = Debug|iPhone
		{6D65E1F7-291C-4D62-9A29-F77560E789B3}.Debug|ARM.Deploy.0 = Debug|iPhone
		{6D65E1F7-291C-4D62-9A29-F77560E789B3}.Debug|iPhone.ActiveCfg = Debug|iPhone
		{6D65E1F7-291C-4D62-9A29-F77560E789B3}.Debug|iPhone.Build.0 = Debug|iPhone
		{6D65E1F7-291C-4D62-9A29-F77560E789B3}.Debug|iPhone.Deploy.0 = Debug|iPhone
		{6D65E1F7-291C-4D62-9A29-F77560E789B3}.Debug|iPhoneSimulator.ActiveCfg = Debug|iPhoneSimulator
		{6D65E1F7-291C-4D62-9A29-F77560E789B3}.Debug|iPhoneSimulator.Build.0 = Debug|iPhoneSimulator
		{6D65E1F7-291C-4D62-9A29-F77560E789B3}.Debug|iPhoneSimulator.Deploy.0 = Debug|iPhoneSimulator
		{6D65E1F7-291C-4D62-9A29-F77560E789B3}.Debug|x64.ActiveCfg = Debug|iPhone
		{6D65E1F7-291C-4D62-9A29-F77560E789B3}.Debug|x64.Build.0 = Debug|iPhone
		{6D65E1F7-291C-4D62-9A29-F77560E789B3}.Debug|x64.Deploy.0 = Debug|iPhone
		{6D65E1F7-291C-4D62-9A29-F77560E789B3}.Debug|x86.ActiveCfg = Debug|iPhone
		{6D65E1F7-291C-4D62-9A29-F77560E789B3}.Debug|x86.Build.0 = Debug|iPhone
		{6D65E1F7-291C-4D62-9A29-F77560E789B3}.Debug|x86.Deploy.0 = Debug|iPhone
		{6D65E1F7-291C-4D62-9A29-F77560E789B3}.Release|Any CPU.ActiveCfg = Release|iPhone
		{6D65E1F7-291C-4D62-9A29-F77560E789B3}.Release|Any CPU.Build.0 = Release|iPhone
		{6D65E1F7-291C-4D62-9A29-F77560E789B3}.Release|Any CPU.Deploy.0 = Release|iPhone
		{6D65E1F7-291C-4D62-9A29-F77560E789B3}.Release|ARM.ActiveCfg = Release|iPhone
		{6D65E1F7-291C-4D62-9A29-F77560E789B3}.Release|ARM.Build.0 = Release|iPhone
		{6D65E1F7-291C-4D62-9A29-F77560E789B3}.Release|ARM.Deploy.0 = Release|iPhone
		{6D65E1F7-291C-4D62-9A29-F77560E789B3}.Release|iPhone.ActiveCfg = Release|iPhone
		{6D65E1F7-291C-4D62-9A29-F77560E789B3}.Release|iPhone.Build.0 = Release|iPhone
		{6D65E1F7-291C-4D62-9A29-F77560E789B3}.Release|iPhone.Deploy.0 = Release|iPhone
		{6D65E1F7-291C-4D62-9A29-F77560E789B3}.Release|iPhoneSimulator.ActiveCfg = Release|iPhoneSimulator
		{6D65E1F7-291C-4D62-9A29-F77560E789B3}.Release|iPhoneSimulator.Build.0 = Release|iPhoneSimulator
		{6D65E1F7-291C-4D62-9A29-F77560E789B3}.Release|iPhoneSimulator.Deploy.0 = Release|iPhoneSimulator
		{6D65E1F7-291C-4D62-9A29-F77560E789B3}.Release|x64.ActiveCfg = Release|iPhone
		{6D65E1F7-291C-4D62-9A29-F77560E789B3}.Release|x64.Build.0 = Release|iPhone
		{6D65E1F7-291C-4D62-9A29-F77560E789B3}.Release|x64.Deploy.0 = Release|iPhone
		{6D65E1F7-291C-4D62-9A29-F77560E789B3}.Release|x86.ActiveCfg = Release|iPhone
		{6D65E1F7-291C-4D62-9A29-F77560E789B3}.Release|x86.Build.0 = Release|iPhone
		{6D65E1F7-291C-4D62-9A29-F77560E789B3}.Release|x86.Deploy.0 = Release|iPhone
		{6D65E1F7-291C-4D62-9A29-F77560E789B3}.Release-xml|Any CPU.ActiveCfg = Release|iPhoneSimulator
		{6D65E1F7-291C-4D62-9A29-F77560E789B3}.Release-xml|Any CPU.Build.0 = Release|iPhoneSimulator
		{6D65E1F7-291C-4D62-9A29-F77560E789B3}.Release-xml|ARM.ActiveCfg = Release|iPhoneSimulator
		{6D65E1F7-291C-4D62-9A29-F77560E789B3}.Release-xml|ARM.Build.0 = Release|iPhoneSimulator
		{6D65E1F7-291C-4D62-9A29-F77560E789B3}.Release-xml|iPhone.ActiveCfg = Release|iPhone
		{6D65E1F7-291C-4D62-9A29-F77560E789B3}.Release-xml|iPhone.Build.0 = Release|iPhone
		{6D65E1F7-291C-4D62-9A29-F77560E789B3}.Release-xml|iPhoneSimulator.ActiveCfg = Release|iPhoneSimulator
		{6D65E1F7-291C-4D62-9A29-F77560E789B3}.Release-xml|iPhoneSimulator.Build.0 = Release|iPhoneSimulator
		{6D65E1F7-291C-4D62-9A29-F77560E789B3}.Release-xml|x64.ActiveCfg = Release|iPhoneSimulator
		{6D65E1F7-291C-4D62-9A29-F77560E789B3}.Release-xml|x64.Build.0 = Release|iPhoneSimulator
		{6D65E1F7-291C-4D62-9A29-F77560E789B3}.Release-xml|x86.ActiveCfg = Release|iPhoneSimulator
		{6D65E1F7-291C-4D62-9A29-F77560E789B3}.Release-xml|x86.Build.0 = Release|iPhoneSimulator
		{D75ABEA6-5F20-4F78-9015-7F254CD7968F}.Ad-Hoc|Any CPU.ActiveCfg = Release|x86
		{D75ABEA6-5F20-4F78-9015-7F254CD7968F}.Ad-Hoc|Any CPU.Build.0 = Release|x86
		{D75ABEA6-5F20-4F78-9015-7F254CD7968F}.Ad-Hoc|Any CPU.Deploy.0 = Release|x86
		{D75ABEA6-5F20-4F78-9015-7F254CD7968F}.Ad-Hoc|ARM.ActiveCfg = Release|ARM
		{D75ABEA6-5F20-4F78-9015-7F254CD7968F}.Ad-Hoc|ARM.Build.0 = Release|ARM
		{D75ABEA6-5F20-4F78-9015-7F254CD7968F}.Ad-Hoc|ARM.Deploy.0 = Release|ARM
		{D75ABEA6-5F20-4F78-9015-7F254CD7968F}.Ad-Hoc|iPhone.ActiveCfg = Release|x86
		{D75ABEA6-5F20-4F78-9015-7F254CD7968F}.Ad-Hoc|iPhone.Build.0 = Release|x86
		{D75ABEA6-5F20-4F78-9015-7F254CD7968F}.Ad-Hoc|iPhone.Deploy.0 = Release|x86
		{D75ABEA6-5F20-4F78-9015-7F254CD7968F}.Ad-Hoc|iPhoneSimulator.ActiveCfg = Release|x86
		{D75ABEA6-5F20-4F78-9015-7F254CD7968F}.Ad-Hoc|iPhoneSimulator.Build.0 = Release|x86
		{D75ABEA6-5F20-4F78-9015-7F254CD7968F}.Ad-Hoc|iPhoneSimulator.Deploy.0 = Release|x86
		{D75ABEA6-5F20-4F78-9015-7F254CD7968F}.Ad-Hoc|x64.ActiveCfg = Release|x64
		{D75ABEA6-5F20-4F78-9015-7F254CD7968F}.Ad-Hoc|x64.Build.0 = Release|x64
		{D75ABEA6-5F20-4F78-9015-7F254CD7968F}.Ad-Hoc|x64.Deploy.0 = Release|x64
		{D75ABEA6-5F20-4F78-9015-7F254CD7968F}.Ad-Hoc|x86.ActiveCfg = Release|x86
		{D75ABEA6-5F20-4F78-9015-7F254CD7968F}.Ad-Hoc|x86.Build.0 = Release|x86
		{D75ABEA6-5F20-4F78-9015-7F254CD7968F}.Ad-Hoc|x86.Deploy.0 = Release|x86
		{D75ABEA6-5F20-4F78-9015-7F254CD7968F}.AppStore|Any CPU.ActiveCfg = Release|x86
		{D75ABEA6-5F20-4F78-9015-7F254CD7968F}.AppStore|Any CPU.Build.0 = Release|x86
		{D75ABEA6-5F20-4F78-9015-7F254CD7968F}.AppStore|Any CPU.Deploy.0 = Release|x86
		{D75ABEA6-5F20-4F78-9015-7F254CD7968F}.AppStore|ARM.ActiveCfg = Release|ARM
		{D75ABEA6-5F20-4F78-9015-7F254CD7968F}.AppStore|ARM.Build.0 = Release|ARM
		{D75ABEA6-5F20-4F78-9015-7F254CD7968F}.AppStore|ARM.Deploy.0 = Release|ARM
		{D75ABEA6-5F20-4F78-9015-7F254CD7968F}.AppStore|iPhone.ActiveCfg = Release|x86
		{D75ABEA6-5F20-4F78-9015-7F254CD7968F}.AppStore|iPhone.Build.0 = Release|x86
		{D75ABEA6-5F20-4F78-9015-7F254CD7968F}.AppStore|iPhone.Deploy.0 = Release|x86
		{D75ABEA6-5F20-4F78-9015-7F254CD7968F}.AppStore|iPhoneSimulator.ActiveCfg = Release|x86
		{D75ABEA6-5F20-4F78-9015-7F254CD7968F}.AppStore|iPhoneSimulator.Build.0 = Release|x86
		{D75ABEA6-5F20-4F78-9015-7F254CD7968F}.AppStore|iPhoneSimulator.Deploy.0 = Release|x86
		{D75ABEA6-5F20-4F78-9015-7F254CD7968F}.AppStore|x64.ActiveCfg = Release|x64
		{D75ABEA6-5F20-4F78-9015-7F254CD7968F}.AppStore|x64.Build.0 = Release|x64
		{D75ABEA6-5F20-4F78-9015-7F254CD7968F}.AppStore|x64.Deploy.0 = Release|x64
		{D75ABEA6-5F20-4F78-9015-7F254CD7968F}.AppStore|x86.ActiveCfg = Release|x86
		{D75ABEA6-5F20-4F78-9015-7F254CD7968F}.AppStore|x86.Build.0 = Release|x86
		{D75ABEA6-5F20-4F78-9015-7F254CD7968F}.AppStore|x86.Deploy.0 = Release|x86
		{D75ABEA6-5F20-4F78-9015-7F254CD7968F}.Debug|Any CPU.ActiveCfg = Debug|x86
		{D75ABEA6-5F20-4F78-9015-7F254CD7968F}.Debug|Any CPU.Build.0 = Debug|x86
		{D75ABEA6-5F20-4F78-9015-7F254CD7968F}.Debug|Any CPU.Deploy.0 = Debug|x86
		{D75ABEA6-5F20-4F78-9015-7F254CD7968F}.Debug|ARM.ActiveCfg = Debug|ARM
		{D75ABEA6-5F20-4F78-9015-7F254CD7968F}.Debug|ARM.Build.0 = Debug|ARM
		{D75ABEA6-5F20-4F78-9015-7F254CD7968F}.Debug|ARM.Deploy.0 = Debug|ARM
		{D75ABEA6-5F20-4F78-9015-7F254CD7968F}.Debug|iPhone.ActiveCfg = Debug|x86
		{D75ABEA6-5F20-4F78-9015-7F254CD7968F}.Debug|iPhone.Build.0 = Debug|x86
		{D75ABEA6-5F20-4F78-9015-7F254CD7968F}.Debug|iPhone.Deploy.0 = Debug|x86
		{D75ABEA6-5F20-4F78-9015-7F254CD7968F}.Debug|iPhoneSimulator.ActiveCfg = Debug|x86
		{D75ABEA6-5F20-4F78-9015-7F254CD7968F}.Debug|iPhoneSimulator.Build.0 = Debug|x86
		{D75ABEA6-5F20-4F78-9015-7F254CD7968F}.Debug|iPhoneSimulator.Deploy.0 = Debug|x86
		{D75ABEA6-5F20-4F78-9015-7F254CD7968F}.Debug|x64.ActiveCfg = Debug|x64
		{D75ABEA6-5F20-4F78-9015-7F254CD7968F}.Debug|x64.Build.0 = Debug|x64
		{D75ABEA6-5F20-4F78-9015-7F254CD7968F}.Debug|x64.Deploy.0 = Debug|x64
		{D75ABEA6-5F20-4F78-9015-7F254CD7968F}.Debug|x86.ActiveCfg = Debug|x86
		{D75ABEA6-5F20-4F78-9015-7F254CD7968F}.Debug|x86.Build.0 = Debug|x86
		{D75ABEA6-5F20-4F78-9015-7F254CD7968F}.Debug|x86.Deploy.0 = Debug|x86
		{D75ABEA6-5F20-4F78-9015-7F254CD7968F}.Release|Any CPU.ActiveCfg = Release|x86
		{D75ABEA6-5F20-4F78-9015-7F254CD7968F}.Release|Any CPU.Build.0 = Release|x86
		{D75ABEA6-5F20-4F78-9015-7F254CD7968F}.Release|Any CPU.Deploy.0 = Release|x86
		{D75ABEA6-5F20-4F78-9015-7F254CD7968F}.Release|ARM.ActiveCfg = Release|ARM
		{D75ABEA6-5F20-4F78-9015-7F254CD7968F}.Release|ARM.Build.0 = Release|ARM
		{D75ABEA6-5F20-4F78-9015-7F254CD7968F}.Release|ARM.Deploy.0 = Release|ARM
		{D75ABEA6-5F20-4F78-9015-7F254CD7968F}.Release|iPhone.ActiveCfg = Release|x86
		{D75ABEA6-5F20-4F78-9015-7F254CD7968F}.Release|iPhone.Build.0 = Release|x86
		{D75ABEA6-5F20-4F78-9015-7F254CD7968F}.Release|iPhone.Deploy.0 = Release|x86
		{D75ABEA6-5F20-4F78-9015-7F254CD7968F}.Release|iPhoneSimulator.ActiveCfg = Release|x86
		{D75ABEA6-5F20-4F78-9015-7F254CD7968F}.Release|iPhoneSimulator.Build.0 = Release|x86
		{D75ABEA6-5F20-4F78-9015-7F254CD7968F}.Release|iPhoneSimulator.Deploy.0 = Release|x86
		{D75ABEA6-5F20-4F78-9015-7F254CD7968F}.Release|x64.ActiveCfg = Release|x64
		{D75ABEA6-5F20-4F78-9015-7F254CD7968F}.Release|x64.Build.0 = Release|x64
		{D75ABEA6-5F20-4F78-9015-7F254CD7968F}.Release|x64.Deploy.0 = Release|x64
		{D75ABEA6-5F20-4F78-9015-7F254CD7968F}.Release|x86.ActiveCfg = Release|x86
		{D75ABEA6-5F20-4F78-9015-7F254CD7968F}.Release|x86.Build.0 = Release|x86
		{D75ABEA6-5F20-4F78-9015-7F254CD7968F}.Release|x86.Deploy.0 = Release|x86
		{D75ABEA6-5F20-4F78-9015-7F254CD7968F}.Release-xml|Any CPU.ActiveCfg = Debug|x64
		{D75ABEA6-5F20-4F78-9015-7F254CD7968F}.Release-xml|Any CPU.Build.0 = Debug|x64
		{D75ABEA6-5F20-4F78-9015-7F254CD7968F}.Release-xml|Any CPU.Deploy.0 = Debug|x64
		{D75ABEA6-5F20-4F78-9015-7F254CD7968F}.Release-xml|ARM.ActiveCfg = Release|ARM
		{D75ABEA6-5F20-4F78-9015-7F254CD7968F}.Release-xml|ARM.Build.0 = Release|ARM
		{D75ABEA6-5F20-4F78-9015-7F254CD7968F}.Release-xml|ARM.Deploy.0 = Release|ARM
		{D75ABEA6-5F20-4F78-9015-7F254CD7968F}.Release-xml|iPhone.ActiveCfg = Debug|x64
		{D75ABEA6-5F20-4F78-9015-7F254CD7968F}.Release-xml|iPhone.Build.0 = Debug|x64
		{D75ABEA6-5F20-4F78-9015-7F254CD7968F}.Release-xml|iPhone.Deploy.0 = Debug|x64
		{D75ABEA6-5F20-4F78-9015-7F254CD7968F}.Release-xml|iPhoneSimulator.ActiveCfg = Debug|x64
		{D75ABEA6-5F20-4F78-9015-7F254CD7968F}.Release-xml|iPhoneSimulator.Build.0 = Debug|x64
		{D75ABEA6-5F20-4F78-9015-7F254CD7968F}.Release-xml|iPhoneSimulator.Deploy.0 = Debug|x64
		{D75ABEA6-5F20-4F78-9015-7F254CD7968F}.Release-xml|x64.ActiveCfg = Release|x64
		{D75ABEA6-5F20-4F78-9015-7F254CD7968F}.Release-xml|x64.Build.0 = Release|x64
		{D75ABEA6-5F20-4F78-9015-7F254CD7968F}.Release-xml|x64.Deploy.0 = Release|x64
		{D75ABEA6-5F20-4F78-9015-7F254CD7968F}.Release-xml|x86.ActiveCfg = Release|x86
		{D75ABEA6-5F20-4F78-9015-7F254CD7968F}.Release-xml|x86.Build.0 = Release|x86
		{D75ABEA6-5F20-4F78-9015-7F254CD7968F}.Release-xml|x86.Deploy.0 = Release|x86
		{D68E3E1C-745B-403B-8F7A-DDA13C502E8A}.Ad-Hoc|Any CPU.ActiveCfg = Debug|Any CPU
		{D68E3E1C-745B-403B-8F7A-DDA13C502E8A}.Ad-Hoc|Any CPU.Build.0 = Debug|Any CPU
		{D68E3E1C-745B-403B-8F7A-DDA13C502E8A}.Ad-Hoc|Any CPU.Deploy.0 = Debug|Any CPU
		{D68E3E1C-745B-403B-8F7A-DDA13C502E8A}.Ad-Hoc|ARM.ActiveCfg = Debug|Any CPU
		{D68E3E1C-745B-403B-8F7A-DDA13C502E8A}.Ad-Hoc|ARM.Build.0 = Debug|Any CPU
		{D68E3E1C-745B-403B-8F7A-DDA13C502E8A}.Ad-Hoc|ARM.Deploy.0 = Debug|Any CPU
		{D68E3E1C-745B-403B-8F7A-DDA13C502E8A}.Ad-Hoc|iPhone.ActiveCfg = Debug|Any CPU
		{D68E3E1C-745B-403B-8F7A-DDA13C502E8A}.Ad-Hoc|iPhone.Build.0 = Debug|Any CPU
		{D68E3E1C-745B-403B-8F7A-DDA13C502E8A}.Ad-Hoc|iPhone.Deploy.0 = Debug|Any CPU
		{D68E3E1C-745B-403B-8F7A-DDA13C502E8A}.Ad-Hoc|iPhoneSimulator.ActiveCfg = Debug|Any CPU
		{D68E3E1C-745B-403B-8F7A-DDA13C502E8A}.Ad-Hoc|iPhoneSimulator.Build.0 = Debug|Any CPU
		{D68E3E1C-745B-403B-8F7A-DDA13C502E8A}.Ad-Hoc|iPhoneSimulator.Deploy.0 = Debug|Any CPU
		{D68E3E1C-745B-403B-8F7A-DDA13C502E8A}.Ad-Hoc|x64.ActiveCfg = Debug|Any CPU
		{D68E3E1C-745B-403B-8F7A-DDA13C502E8A}.Ad-Hoc|x64.Build.0 = Debug|Any CPU
		{D68E3E1C-745B-403B-8F7A-DDA13C502E8A}.Ad-Hoc|x64.Deploy.0 = Debug|Any CPU
		{D68E3E1C-745B-403B-8F7A-DDA13C502E8A}.Ad-Hoc|x86.ActiveCfg = Debug|Any CPU
		{D68E3E1C-745B-403B-8F7A-DDA13C502E8A}.Ad-Hoc|x86.Build.0 = Debug|Any CPU
		{D68E3E1C-745B-403B-8F7A-DDA13C502E8A}.Ad-Hoc|x86.Deploy.0 = Debug|Any CPU
		{D68E3E1C-745B-403B-8F7A-DDA13C502E8A}.AppStore|Any CPU.ActiveCfg = Debug|Any CPU
		{D68E3E1C-745B-403B-8F7A-DDA13C502E8A}.AppStore|Any CPU.Build.0 = Debug|Any CPU
		{D68E3E1C-745B-403B-8F7A-DDA13C502E8A}.AppStore|Any CPU.Deploy.0 = Debug|Any CPU
		{D68E3E1C-745B-403B-8F7A-DDA13C502E8A}.AppStore|ARM.ActiveCfg = Debug|Any CPU
		{D68E3E1C-745B-403B-8F7A-DDA13C502E8A}.AppStore|ARM.Build.0 = Debug|Any CPU
		{D68E3E1C-745B-403B-8F7A-DDA13C502E8A}.AppStore|ARM.Deploy.0 = Debug|Any CPU
		{D68E3E1C-745B-403B-8F7A-DDA13C502E8A}.AppStore|iPhone.ActiveCfg = Debug|Any CPU
		{D68E3E1C-745B-403B-8F7A-DDA13C502E8A}.AppStore|iPhone.Build.0 = Debug|Any CPU
		{D68E3E1C-745B-403B-8F7A-DDA13C502E8A}.AppStore|iPhone.Deploy.0 = Debug|Any CPU
		{D68E3E1C-745B-403B-8F7A-DDA13C502E8A}.AppStore|iPhoneSimulator.ActiveCfg = Debug|Any CPU
		{D68E3E1C-745B-403B-8F7A-DDA13C502E8A}.AppStore|iPhoneSimulator.Build.0 = Debug|Any CPU
		{D68E3E1C-745B-403B-8F7A-DDA13C502E8A}.AppStore|iPhoneSimulator.Deploy.0 = Debug|Any CPU
		{D68E3E1C-745B-403B-8F7A-DDA13C502E8A}.AppStore|x64.ActiveCfg = Debug|Any CPU
		{D68E3E1C-745B-403B-8F7A-DDA13C502E8A}.AppStore|x64.Build.0 = Debug|Any CPU
		{D68E3E1C-745B-403B-8F7A-DDA13C502E8A}.AppStore|x64.Deploy.0 = Debug|Any CPU
		{D68E3E1C-745B-403B-8F7A-DDA13C502E8A}.AppStore|x86.ActiveCfg = Debug|Any CPU
		{D68E3E1C-745B-403B-8F7A-DDA13C502E8A}.AppStore|x86.Build.0 = Debug|Any CPU
		{D68E3E1C-745B-403B-8F7A-DDA13C502E8A}.AppStore|x86.Deploy.0 = Debug|Any CPU
		{D68E3E1C-745B-403B-8F7A-DDA13C502E8A}.Debug|Any CPU.ActiveCfg = Debug|Any CPU
		{D68E3E1C-745B-403B-8F7A-DDA13C502E8A}.Debug|Any CPU.Build.0 = Debug|Any CPU
		{D68E3E1C-745B-403B-8F7A-DDA13C502E8A}.Debug|Any CPU.Deploy.0 = Debug|Any CPU
		{D68E3E1C-745B-403B-8F7A-DDA13C502E8A}.Debug|ARM.ActiveCfg = Debug|Any CPU
		{D68E3E1C-745B-403B-8F7A-DDA13C502E8A}.Debug|ARM.Build.0 = Debug|Any CPU
		{D68E3E1C-745B-403B-8F7A-DDA13C502E8A}.Debug|ARM.Deploy.0 = Debug|Any CPU
		{D68E3E1C-745B-403B-8F7A-DDA13C502E8A}.Debug|iPhone.ActiveCfg = Debug|Any CPU
		{D68E3E1C-745B-403B-8F7A-DDA13C502E8A}.Debug|iPhone.Build.0 = Debug|Any CPU
		{D68E3E1C-745B-403B-8F7A-DDA13C502E8A}.Debug|iPhone.Deploy.0 = Debug|Any CPU
		{D68E3E1C-745B-403B-8F7A-DDA13C502E8A}.Debug|iPhoneSimulator.ActiveCfg = Debug|Any CPU
		{D68E3E1C-745B-403B-8F7A-DDA13C502E8A}.Debug|iPhoneSimulator.Build.0 = Debug|Any CPU
		{D68E3E1C-745B-403B-8F7A-DDA13C502E8A}.Debug|iPhoneSimulator.Deploy.0 = Debug|Any CPU
		{D68E3E1C-745B-403B-8F7A-DDA13C502E8A}.Debug|x64.ActiveCfg = Debug|Any CPU
		{D68E3E1C-745B-403B-8F7A-DDA13C502E8A}.Debug|x64.Build.0 = Debug|Any CPU
		{D68E3E1C-745B-403B-8F7A-DDA13C502E8A}.Debug|x64.Deploy.0 = Debug|Any CPU
		{D68E3E1C-745B-403B-8F7A-DDA13C502E8A}.Debug|x86.ActiveCfg = Debug|Any CPU
		{D68E3E1C-745B-403B-8F7A-DDA13C502E8A}.Debug|x86.Build.0 = Debug|Any CPU
		{D68E3E1C-745B-403B-8F7A-DDA13C502E8A}.Debug|x86.Deploy.0 = Debug|Any CPU
		{D68E3E1C-745B-403B-8F7A-DDA13C502E8A}.Release|Any CPU.ActiveCfg = Release|Any CPU
		{D68E3E1C-745B-403B-8F7A-DDA13C502E8A}.Release|Any CPU.Build.0 = Release|Any CPU
		{D68E3E1C-745B-403B-8F7A-DDA13C502E8A}.Release|Any CPU.Deploy.0 = Release|Any CPU
		{D68E3E1C-745B-403B-8F7A-DDA13C502E8A}.Release|ARM.ActiveCfg = Release|Any CPU
		{D68E3E1C-745B-403B-8F7A-DDA13C502E8A}.Release|ARM.Build.0 = Release|Any CPU
		{D68E3E1C-745B-403B-8F7A-DDA13C502E8A}.Release|ARM.Deploy.0 = Release|Any CPU
		{D68E3E1C-745B-403B-8F7A-DDA13C502E8A}.Release|iPhone.ActiveCfg = Release|Any CPU
		{D68E3E1C-745B-403B-8F7A-DDA13C502E8A}.Release|iPhone.Build.0 = Release|Any CPU
		{D68E3E1C-745B-403B-8F7A-DDA13C502E8A}.Release|iPhone.Deploy.0 = Release|Any CPU
		{D68E3E1C-745B-403B-8F7A-DDA13C502E8A}.Release|iPhoneSimulator.ActiveCfg = Release|Any CPU
		{D68E3E1C-745B-403B-8F7A-DDA13C502E8A}.Release|iPhoneSimulator.Build.0 = Release|Any CPU
		{D68E3E1C-745B-403B-8F7A-DDA13C502E8A}.Release|iPhoneSimulator.Deploy.0 = Release|Any CPU
		{D68E3E1C-745B-403B-8F7A-DDA13C502E8A}.Release|x64.ActiveCfg = Release|Any CPU
		{D68E3E1C-745B-403B-8F7A-DDA13C502E8A}.Release|x64.Build.0 = Release|Any CPU
		{D68E3E1C-745B-403B-8F7A-DDA13C502E8A}.Release|x64.Deploy.0 = Release|Any CPU
		{D68E3E1C-745B-403B-8F7A-DDA13C502E8A}.Release|x86.ActiveCfg = Release|Any CPU
		{D68E3E1C-745B-403B-8F7A-DDA13C502E8A}.Release|x86.Build.0 = Release|Any CPU
		{D68E3E1C-745B-403B-8F7A-DDA13C502E8A}.Release|x86.Deploy.0 = Release|Any CPU
		{D68E3E1C-745B-403B-8F7A-DDA13C502E8A}.Release-xml|Any CPU.ActiveCfg = Release|Any CPU
		{D68E3E1C-745B-403B-8F7A-DDA13C502E8A}.Release-xml|Any CPU.Build.0 = Release|Any CPU
		{D68E3E1C-745B-403B-8F7A-DDA13C502E8A}.Release-xml|ARM.ActiveCfg = Release|Any CPU
		{D68E3E1C-745B-403B-8F7A-DDA13C502E8A}.Release-xml|ARM.Build.0 = Release|Any CPU
		{D68E3E1C-745B-403B-8F7A-DDA13C502E8A}.Release-xml|iPhone.ActiveCfg = Release|Any CPU
		{D68E3E1C-745B-403B-8F7A-DDA13C502E8A}.Release-xml|iPhone.Build.0 = Release|Any CPU
		{D68E3E1C-745B-403B-8F7A-DDA13C502E8A}.Release-xml|iPhoneSimulator.ActiveCfg = Release|Any CPU
		{D68E3E1C-745B-403B-8F7A-DDA13C502E8A}.Release-xml|iPhoneSimulator.Build.0 = Release|Any CPU
		{D68E3E1C-745B-403B-8F7A-DDA13C502E8A}.Release-xml|x64.ActiveCfg = Release|Any CPU
		{D68E3E1C-745B-403B-8F7A-DDA13C502E8A}.Release-xml|x64.Build.0 = Release|Any CPU
		{D68E3E1C-745B-403B-8F7A-DDA13C502E8A}.Release-xml|x86.ActiveCfg = Release|Any CPU
		{D68E3E1C-745B-403B-8F7A-DDA13C502E8A}.Release-xml|x86.Build.0 = Release|Any CPU
	EndGlobalSection
	GlobalSection(SolutionProperties) = preSolution
		HideSolutionNode = FALSE
	EndGlobalSection
	GlobalSection(ExtensibilityGlobals) = postSolution
		SolutionGuid = {C90C28D4-1706-4B83-85B5-AB474AFF667A}
	EndGlobalSection
EndGlobal
